# THIS IS AN AUTOGENERATED FILE. DO NOT EDIT THIS FILE DIRECTLY.
# yarn lockfile v1


flow-bin@0.147.0:
  version "0.147.0"
  resolved "https://registry.yarnpkg.com/flow-bin/-/flow-bin-0.147.0.tgz#5ac0152e6daabfa8a78950aa1d02aefa968c4300"
  integrity sha512-4VwnpQGxFQHRo2AvWcHbVOD6wLunT8Tge/cZGSv9twAxLMGSOTop7KDToZI6M/yoGBzdHxQWBii426LupWlbog==
